// !$*UTF8*$!
{
	archiveVersion = 1;
	classes = {
	};
	objectVersion = 56;
	objects = {

/* Begin PBXBuildFile section */
		F131893D292CCA46002D08BC /* AppDelegate.swift in Sources */ = {isa = PBXBuildFile; fileRef = F131893C292CCA46002D08BC /* AppDelegate.swift */; };
		F131893F292CCA46002D08BC /* SceneDelegate.swift in Sources */ = {isa = PBXBuildFile; fileRef = F131893E292CCA46002D08BC /* SceneDelegate.swift */; };
		F1318941292CCA46002D08BC /* LogInViewController.swift in Sources */ = {isa = PBXBuildFile; fileRef = F1318940292CCA46002D08BC /* LogInViewController.swift */; };
		F1318944292CCA46002D08BC /* Main.storyboard in Resources */ = {isa = PBXBuildFile; fileRef = F1318942292CCA46002D08BC /* Main.storyboard */; };
		F1318946292CCA48002D08BC /* Assets.xcassets in Resources */ = {isa = PBXBuildFile; fileRef = F1318945292CCA48002D08BC /* Assets.xcassets */; };
		F1318949292CCA48002D08BC /* LaunchScreen.storyboard in Resources */ = {isa = PBXBuildFile; fileRef = F1318947292CCA48002D08BC /* LaunchScreen.storyboard */; };
		F1318956292CCB65002D08BC /* User.swift in Sources */ = {isa = PBXBuildFile; fileRef = F1318955292CCB65002D08BC /* User.swift */; };
		F1318958292CD093002D08BC /* WelcomeViewController.swift in Sources */ = {isa = PBXBuildFile; fileRef = F1318957292CD093002D08BC /* WelcomeViewController.swift */; };
		F131895A292CD0BD002D08BC /* AboutViewController.swift in Sources */ = {isa = PBXBuildFile; fileRef = F1318959292CD0BD002D08BC /* AboutViewController.swift */; };
		F131895C292CD0E6002D08BC /* BiographyViewController.swift in Sources */ = {isa = PBXBuildFile; fileRef = F131895B292CD0E6002D08BC /* BiographyViewController.swift */; };
/* End PBXBuildFile section */

/* Begin PBXFileReference section */
		F1318939292CCA46002D08BC /* Homework_2.28_4_LoginApp_v2.app */ = {isa = PBXFileReference; explicitFileType = wrapper.application; includeInIndex = 0; path = Homework_2.28_4_LoginApp_v2.app; sourceTree = BUILT_PRODUCTS_DIR; };
		F131893C292CCA46002D08BC /* AppDelegate.swift */ = {isa = PBXFileReference; lastKnownFileType = sourcecode.swift; path = AppDelegate.swift; sourceTree = "<group>"; };
		F131893E292CCA46002D08BC /* SceneDelegate.swift */ = {isa = PBXFileReference; lastKnownFileType = sourcecode.swift; path = SceneDelegate.swift; sourceTree = "<group>"; };
		F1318940292CCA46002D08BC /* LogInViewController.swift */ = {isa = PBXFileReference; lastKnownFileType = sourcecode.swift; path = LogInViewController.swift; sourceTree = "<group>"; };
		F1318943292CCA46002D08BC /* Base */ = {isa = PBXFileReference; lastKnownFileType = file.storyboard; name = Base; path = Base.lproj/Main.storyboard; sourceTree = "<group>"; };
		F1318945292CCA48002D08BC /* Assets.xcassets */ = {isa = PBXFileReference; lastKnownFileType = folder.assetcatalog; path = Assets.xcassets; sourceTree = "<group>"; };
		F1318948292CCA48002D08BC /* Base */ = {isa = PBXFileReference; lastKnownFileType = file.storyboard; name = Base; path = Base.lproj/LaunchScreen.storyboard; sourceTree = "<group>"; };
		F131894A292CCA48002D08BC /* Info.plist */ = {isa = PBXFileReference; lastKnownFileType = text.plist.xml; path = Info.plist; sourceTree = "<group>"; };
		F1318955292CCB65002D08BC /* User.swift */ = {isa = PBXFileReference; lastKnownFileType = sourcecode.swift; path = User.swift; sourceTree = "<group>"; };
		F1318957292CD093002D08BC /* WelcomeViewController.swift */ = {isa = PBXFileReference; lastKnownFileType = sourcecode.swift; path = WelcomeViewController.swift; sourceTree = "<group>"; };
		F1318959292CD0BD002D08BC /* AboutViewController.swift */ = {isa = PBXFileReference; lastKnownFileType = sourcecode.swift; path = AboutViewController.swift; sourceTree = "<group>"; };
		F131895B292CD0E6002D08BC /* BiographyViewController.swift */ = {isa = PBXFileReference; lastKnownFileType = sourcecode.swift; path = BiographyViewController.swift; sourceTree = "<group>"; };
/* End PBXFileReference section */

/* Begin PBXFrameworksBuildPhase section */
		F1318936292CCA46002D08BC /* Frameworks */ = {
			isa = PBXFrameworksBuildPhase;
			buildActionMask = 2147483647;
			files = (
			);
			runOnlyForDeploymentPostprocessing = 0;
		};
/* End PBXFrameworksBuildPhase section */

/* Begin PBXGroup section */
		F1318930292CCA46002D08BC = {
			isa = PBXGroup;
			children = (
				F131893B292CCA46002D08BC /* Homework_2.28_4_LoginApp_v2 */,
				F131893A292CCA46002D08BC /* Products */,
			);
			sourceTree = "<group>";
		};
		F131893A292CCA46002D08BC /* Products */ = {
			isa = PBXGroup;
			children = (
				F1318939292CCA46002D08BC /* Homework_2.28_4_LoginApp_v2.app */,
			);
			name = Products;
			sourceTree = "<group>";
		};
		F131893B292CCA46002D08BC /* Homework_2.28_4_LoginApp_v2 */ = {
			isa = PBXGroup;
			children = (
				F1318952292CCB1A002D08BC /* ViewControllers */,
				F1318951292CCB0A002D08BC /* Storyboards */,
				F1318954292CCB39002D08BC /* Models */,
				F1318953292CCB23002D08BC /* Resources */,
				F1318950292CCAEE002D08BC /* App */,
			);
			path = Homework_2.28_4_LoginApp_v2;
			sourceTree = "<group>";
		};
		F1318950292CCAEE002D08BC /* App */ = {
			isa = PBXGroup;
			children = (
				F131893C292CCA46002D08BC /* AppDelegate.swift */,
				F131893E292CCA46002D08BC /* SceneDelegate.swift */,
				F131894A292CCA48002D08BC /* Info.plist */,
			);
			path = App;
			sourceTree = "<group>";
		};
		F1318951292CCB0A002D08BC /* Storyboards */ = {
			isa = PBXGroup;
			children = (
				F1318942292CCA46002D08BC /* Main.storyboard */,
				F1318947292CCA48002D08BC /* LaunchScreen.storyboard */,
			);
			path = Storyboards;
			sourceTree = "<group>";
		};
		F1318952292CCB1A002D08BC /* ViewControllers */ = {
			isa = PBXGroup;
			children = (
				F1318940292CCA46002D08BC /* LogInViewController.swift */,
				F1318957292CD093002D08BC /* WelcomeViewController.swift */,
				F1318959292CD0BD002D08BC /* AboutViewController.swift */,
				F131895B292CD0E6002D08BC /* BiographyViewController.swift */,
			);
			path = ViewControllers;
			sourceTree = "<group>";
		};
		F1318953292CCB23002D08BC /* Resources */ = {
			isa = PBXGroup;
			children = (
				F1318945292CCA48002D08BC /* Assets.xcassets */,
			);
			path = Resources;
			sourceTree = "<group>";
		};
		F1318954292CCB39002D08BC /* Models */ = {
			isa = PBXGroup;
			children = (
				F1318955292CCB65002D08BC /* User.swift */,
			);
			path = Models;
			sourceTree = "<group>";
		};
/* End PBXGroup section */

/* Begin PBXNativeTarget section */
		F1318938292CCA46002D08BC /* Homework_2.28_4_LoginApp_v2 */ = {
			isa = PBXNativeTarget;
			buildConfigurationList = F131894D292CCA48002D08BC /* Build configuration list for PBXNativeTarget "Homework_2.28_4_LoginApp_v2" */;
			buildPhases = (
				F1318935292CCA46002D08BC /* Sources */,
				F1318936292CCA46002D08BC /* Frameworks */,
				F1318937292CCA46002D08BC /* Resources */,
			);
			buildRules = (
			);
			dependencies = (
			);
			name = Homework_2.28_4_LoginApp_v2;
			productName = Homework_2.28_4_LoginApp_v2;
			productReference = F1318939292CCA46002D08BC /* Homework_2.28_4_LoginApp_v2.app */;
			productType = "com.apple.product-type.application";
		};
/* End PBXNativeTarget section */

/* Begin PBXProject section */
		F1318931292CCA46002D08BC /* Project object */ = {
			isa = PBXProject;
			attributes = {
				BuildIndependentTargetsInParallel = 1;
				LastSwiftUpdateCheck = 1410;
				LastUpgradeCheck = 1410;
				TargetAttributes = {
					F1318938292CCA46002D08BC = {
						CreatedOnToolsVersion = 14.1;
					};
				};
			};
			buildConfigurationList = F1318934292CCA46002D08BC /* Build configuration list for PBXProject "Homework_2.28_4_LoginApp_v2" */;
			compatibilityVersion = "Xcode 14.0";
			developmentRegion = en;
			hasScannedForEncodings = 0;
			knownRegions = (
				en,
				Base,
			);
			mainGroup = F1318930292CCA46002D08BC;
			productRefGroup = F131893A292CCA46002D08BC /* Products */;
			projectDirPath = "";
			projectRoot = "";
			targets = (
				F1318938292CCA46002D08BC /* Homework_2.28_4_LoginApp_v2 */,
			);
		};
/* End PBXProject section */

/* Begin PBXResourcesBuildPhase section */
		F1318937292CCA46002D08BC /* Resources */ = {
			isa = PBXResourcesBuildPhase;
			buildActionMask = 2147483647;
			files = (
				F1318949292CCA48002D08BC /* LaunchScreen.storyboard in Resources */,
				F1318946292CCA48002D08BC /* Assets.xcassets in Resources */,
				F1318944292CCA46002D08BC /* Main.storyboard in Resources */,
			);
			runOnlyForDeploymentPostprocessing = 0;
		};
/* End PBXResourcesBuildPhase section */

/* Begin PBXSourcesBuildPhase section */
		F1318935292CCA46002D08BC /* Sources */ = {
			isa = PBXSourcesBuildPhase;
			buildActionMask = 2147483647;
			files = (
				F131895A292CD0BD002D08BC /* AboutViewController.swift in Sources */,
				F1318956292CCB65002D08BC /* User.swift in Sources */,
				F1318958292CD093002D08BC /* WelcomeViewController.swift in Sources */,
				F131895C292CD0E6002D08BC /* BiographyViewController.swift in Sources */,
				F1318941292CCA46002D08BC /* LogInViewController.swift in Sources */,
				F131893D292CCA46002D08BC /* AppDelegate.swift in Sources */,
				F131893F292CCA46002D08BC /* SceneDelegate.swift in Sources */,
			);
			runOnlyForDeploymentPostprocessing = 0;
		};
/* End PBXSourcesBuildPhase section */

/* Begin PBXVariantGroup section */
		F1318942292CCA46002D08BC /* Main.storyboard */ = {
			isa = PBXVariantGroup;
			children = (
				F1318943292CCA46002D08BC /* Base */,
			);
			name = Main.storyboard;
			sourceTree = "<group>";
		};
		F1318947292CCA48002D08BC /* LaunchScreen.storyboard */ = {
			isa = PBXVariantGroup;
			children = (
				F1318948292CCA48002D08BC /* Base */,
			);
			name = LaunchScreen.storyboard;
			sourceTree = "<group>";
		};
/* End PBXVariantGroup section */

/* Begin XCBuildConfiguration section */
		F131894B292CCA48002D08BC /* Debug */ = {
			isa = XCBuildConfiguration;
			buildSettings = {
				ALWAYS_SEARCH_USER_PATHS = NO;
				CLANG_ANALYZER_NONNULL = YES;
				CLANG_ANALYZER_NUMBER_OBJECT_CONVERSION = YES_AGGRESSIVE;
				CLANG_CXX_LANGUAGE_STANDARD = "gnu++20";
				CLANG_ENABLE_MODULES = YES;
				CLANG_ENABLE_OBJC_ARC = YES;
				CLANG_ENABLE_OBJC_WEAK = YES;
				CLANG_WARN_BLOCK_CAPTURE_AUTORELEASING = YES;
				CLANG_WARN_BOOL_CONVERSION = YES;
				CLANG_WARN_COMMA = YES;
				CLANG_WARN_CONSTANT_CONVERSION = YES;
				CLANG_WARN_DEPRECATED_OBJC_IMPLEMENTATIONS = YES;
				CLANG_WARN_DIRECT_OBJC_ISA_USAGE = YES_ERROR;
				CLANG_WARN_DOCUMENTATION_COMMENTS = YES;
				CLANG_WARN_EMPTY_BODY = YES;
				CLANG_WARN_ENUM_CONVERSION = YES;
				CLANG_WARN_INFINITE_RECURSION = YES;
				CLANG_WARN_INT_CONVERSION = YES;
				CLANG_WARN_NON_LITERAL_NULL_CONVERSION = YES;
				CLANG_WARN_OBJC_IMPLICIT_RETAIN_SELF = YES;
				CLANG_WARN_OBJC_LITERAL_CONVERSION = YES;
				CLANG_WARN_OBJC_ROOT_CLASS = YES_ERROR;
				CLANG_WARN_QUOTED_INCLUDE_IN_FRAMEWORK_HEADER = YES;
				CLANG_WARN_RANGE_LOOP_ANALYSIS = YES;
				CLANG_WARN_STRICT_PROTOTYPES = YES;
				CLANG_WARN_SUSPICIOUS_MOVE = YES;
				CLANG_WARN_UNGUARDED_AVAILABILITY = YES_AGGRESSIVE;
				CLANG_WARN_UNREACHABLE_CODE = YES;
				CLANG_WARN__DUPLICATE_METHOD_MATCH = YES;
				COPY_PHASE_STRIP = NO;
				DEBUG_INFORMATION_FORMAT = dwarf;
				ENABLE_STRICT_OBJC_MSGSEND = YES;
				ENABLE_TESTABILITY = YES;
				GCC_C_LANGUAGE_STANDARD = gnu11;
				GCC_DYNAMIC_NO_PIC = NO;
				GCC_NO_COMMON_BLOCKS = YES;
				GCC_OPTIMIZATION_LEVEL = 0;
				GCC_PREPROCESSOR_DEFINITIONS = (
					"DEBUG=1",
					"$(inherited)",
				);
				GCC_WARN_64_TO_32_BIT_CONVERSION = YES;
				GCC_WARN_ABOUT_RETURN_TYPE = YES_ERROR;
				GCC_WARN_UNDECLARED_SELECTOR = YES;
				GCC_WARN_UNINITIALIZED_AUTOS = YES_AGGRESSIVE;
				GCC_WARN_UNUSED_FUNCTION = YES;
				GCC_WARN_UNUSED_VARIABLE = YES;
				IPHONEOS_DEPLOYMENT_TARGET = 16.1;
				MTL_ENABLE_DEBUG_INFO = INCLUDE_SOURCE;
				MTL_FAST_MATH = YES;
				ONLY_ACTIVE_ARCH = YES;
				SDKROOT = iphoneos;
				SWIFT_ACTIVE_COMPILATION_CONDITIONS = DEBUG;
				SWIFT_OPTIMIZATION_LEVEL = "-Onone";
			};
			name = Debug;
		};
		F131894C292CCA48002D08BC /* Release */ = {
			isa = XCBuildConfiguration;
			buildSettings = {
				ALWAYS_SEARCH_USER_PATHS = NO;
				CLANG_ANALYZER_NONNULL = YES;
				CLANG_ANALYZER_NUMBER_OBJECT_CONVERSION = YES_AGGRESSIVE;
				CLANG_CXX_LANGUAGE_STANDARD = "gnu++20";
				CLANG_ENABLE_MODULES = YES;
				CLANG_ENABLE_OBJC_ARC = YES;
				CLANG_ENABLE_OBJC_WEAK = YES;
				CLANG_WARN_BLOCK_CAPTURE_AUTORELEASING = YES;
				CLANG_WARN_BOOL_CONVERSION = YES;
				CLANG_WARN_COMMA = YES;
				CLANG_WARN_CONSTANT_CONVERSION = YES;
				CLANG_WARN_DEPRECATED_OBJC_IMPLEMENTATIONS = YES;
				CLANG_WARN_DIRECT_OBJC_ISA_USAGE = YES_ERROR;
				CLANG_WARN_DOCUMENTATION_COMMENTS = YES;
				CLANG_WARN_EMPTY_BODY = YES;
				CLANG_WARN_ENUM_CONVERSION = YES;
				CLANG_WARN_INFINITE_RECURSION = YES;
				CLANG_WARN_INT_CONVERSION = YES;
				CLANG_WARN_NON_LITERAL_NULL_CONVERSION = YES;
				CLANG_WARN_OBJC_IMPLICIT_RETAIN_SELF = YES;
				CLANG_WARN_OBJC_LITERAL_CONVERSION = YES;
				CLANG_WARN_OBJC_ROOT_CLASS = YES_ERROR;
				CLANG_WARN_QUOTED_INCLUDE_IN_FRAMEWORK_HEADER = YES;
				CLANG_WARN_RANGE_LOOP_ANALYSIS = YES;
				CLANG_WARN_STRICT_PROTOTYPES = YES;
				CLANG_WARN_SUSPICIOUS_MOVE = YES;
				CLANG_WARN_UNGUARDED_AVAILABILITY = YES_AGGRESSIVE;
				CLANG_WARN_UNREACHABLE_CODE = YES;
				CLANG_WARN__DUPLICATE_METHOD_MATCH = YES;
				COPY_PHASE_STRIP = NO;
				DEBUG_INFORMATION_FORMAT = "dwarf-with-dsym";
				ENABLE_NS_ASSERTIONS = NO;
				ENABLE_STRICT_OBJC_MSGSEND = YES;
				GCC_C_LANGUAGE_STANDARD = gnu11;
				GCC_NO_COMMON_BLOCKS = YES;
				GCC_WARN_64_TO_32_BIT_CONVERSION = YES;
				GCC_WARN_ABOUT_RETURN_TYPE = YES_ERROR;
				GCC_WARN_UNDECLARED_SELECTOR = YES;
				GCC_WARN_UNINITIALIZED_AUTOS = YES_AGGRESSIVE;
				GCC_WARN_UNUSED_FUNCTION = YES;
				GCC_WARN_UNUSED_VARIABLE = YES;
				IPHONEOS_DEPLOYMENT_TARGET = 16.1;
				MTL_ENABLE_DEBUG_INFO = NO;
				MTL_FAST_MATH = YES;
				SDKROOT = iphoneos;
				SWIFT_COMPILATION_MODE = wholemodule;
				SWIFT_OPTIMIZATION_LEVEL = "-O";
				VALIDATE_PRODUCT = YES;
			};
			name = Release;
		};
		F131894E292CCA48002D08BC /* Debug */ = {
			isa = XCBuildConfiguration;
			buildSettings = {
				ASSETCATALOG_COMPILER_APPICON_NAME = AppIcon;
				ASSETCATALOG_COMPILER_GLOBAL_ACCENT_COLOR_NAME = AccentColor;
				CODE_SIGN_STYLE = Automatic;
				CURRENT_PROJECT_VERSION = 1;
				DEVELOPMENT_TEAM = RR2792TYH2;
				GENERATE_INFOPLIST_FILE = YES;
				INFOPLIST_FILE = Homework_2.28_4_LoginApp_v2/App/Info.plist;
				INFOPLIST_KEY_UIApplicationSupportsIndirectInputEvents = YES;
				INFOPLIST_KEY_UILaunchStoryboardName = LaunchScreen;
				INFOPLIST_KEY_UIMainStoryboardFile = Main;
				INFOPLIST_KEY_UISupportedInterfaceOrientations_iPad = "UIInterfaceOrientationPortrait UIInterfaceOrientationPortraitUpsideDown UIInterfaceOrientationLandscapeLeft UIInterfaceOrientationLandscapeRight";
				INFOPLIST_KEY_UISupportedInterfaceOrientations_iPhone = "UIInterfaceOrientationPortrait UIInterfaceOrientationLandscapeLeft UIInterfaceOrientationLandscapeRight";
				IPHONEOS_DEPLOYMENT_TARGET = 15.0;
				LD_RUNPATH_SEARCH_PATHS = (
					"$(inherited)",
					"@executable_path/Frameworks",
				);
				MARKETING_VERSION = 1.0;
				PRODUCT_BUNDLE_IDENTIFIER = "com.ravilgab.Homework-2-28-4-LoginApp-v2";
				PRODUCT_NAME = "$(TARGET_NAME)";
				SWIFT_EMIT_LOC_STRINGS = YES;
				SWIFT_VERSION = 5.0;
				TARGETED_DEVICE_FAMILY = "1,2";
			};
			name = Debug;
		};
		F131894F292CCA48002D08BC /* Release */ = {
			isa = XCBuildConfiguration;
			buildSettings = {
				ASSETCATALOG_COMPILER_APPICON_NAME = AppIcon;
				ASSETCATALOG_COMPILER_GLOBAL_ACCENT_COLOR_NAME = AccentColor;
				CODE_SIGN_STYLE = Automatic;
				CURRENT_PROJECT_VERSION = 1;
				DEVELOPMENT_TEAM = RR2792TYH2;
				GENERATE_INFOPLIST_FILE = YES;
				INFOPLIST_FILE = Homework_2.28_4_LoginApp_v2/App/Info.plist;
				INFOPLIST_KEY_UIApplicationSupportsIndirectInputEvents = YES;
				INFOPLIST_KEY_UILaunchStoryboardName = LaunchScreen;
				INFOPLIST_KEY_UIMainStoryboardFile = Main;
				INFOPLIST_KEY_UISupportedInterfaceOrientations_iPad = "UIInterfaceOrientationPortrait UIInterfaceOrientationPortraitUpsideDown UIInterfaceOrientationLandscapeLeft UIInterfaceOrientationLandscapeRight";
				INFOPLIST_KEY_UISupportedInterfaceOrientations_iPhone = "UIInterfaceOrientationPortrait UIInterfaceOrientationLandscapeLeft UIInterfaceOrientationLandscapeRight";
				IPHONEOS_DEPLOYMENT_TARGET = 15.0;
				LD_RUNPATH_SEARCH_PATHS = (
					"$(inherited)",
					"@executable_path/Frameworks",
				);
				MARKETING_VERSION = 1.0;
				PRODUCT_BUNDLE_IDENTIFIER = "com.ravilgab.Homework-2-28-4-LoginApp-v2";
				PRODUCT_NAME = "$(TARGET_NAME)";
				SWIFT_EMIT_LOC_STRINGS = YES;
				SWIFT_VERSION = 5.0;
				TARGETED_DEVICE_FAMILY = "1,2";
			};
			name = Release;
		};
/* End XCBuildConfiguration section */

/* Begin XCConfigurationList section */
		F1318934292CCA46002D08BC /* Build configuration list for PBXProject "Homework_2.28_4_LoginApp_v2" */ = {
			isa = XCConfigurationList;
			buildConfigurations = (
				F131894B292CCA48002D08BC /* Debug */,
				F131894C292CCA48002D08BC /* Release */,
			);
			defaultConfigurationIsVisible = 0;
			defaultConfigurationName = Release;
		};
		F131894D292CCA48002D08BC /* Build configuration list for PBXNativeTarget "Homework_2.28_4_LoginApp_v2" */ = {
			isa = XCConfigurationList;
			buildConfigurations = (
				F131894E292CCA48002D08BC /* Debug */,
				F131894F292CCA48002D08BC /* Release */,
			);
			defaultConfigurationIsVisible = 0;
			defaultConfigurationName = Release;
		};
/* End XCConfigurationList section */
	};
	rootObject = F1318931292CCA46002D08BC /* Project object */;
}
